// !$*UTF8*$!
{
	archiveVersion = 1;
	classes = {
	};
	objectVersion = 46;
	objects = {

/* Begin PBXBuildFile section */
		4E20500D17AEC877008C1E26 /* UIKit.framework in Frameworks */ = {isa = PBXBuildFile; fileRef = 4E20500C17AEC877008C1E26 /* UIKit.framework */; };
		4E20500F17AEC877008C1E26 /* Foundation.framework in Frameworks */ = {isa = PBXBuildFile; fileRef = 4E20500E17AEC877008C1E26 /* Foundation.framework */; };
		4E20501117AEC877008C1E26 /* CoreGraphics.framework in Frameworks */ = {isa = PBXBuildFile; fileRef = 4E20501017AEC877008C1E26 /* CoreGraphics.framework */; };
		4E20501717AEC877008C1E26 /* InfoPlist.strings in Resources */ = {isa = PBXBuildFile; fileRef = 4E20501517AEC877008C1E26 /* InfoPlist.strings */; };
		4E20501917AEC877008C1E26 /* main.m in Sources */ = {isa = PBXBuildFile; fileRef = 4E20501817AEC877008C1E26 /* main.m */; };
		4E20501D17AEC877008C1E26 /* PEAppDelegate.m in Sources */ = {isa = PBXBuildFile; fileRef = 4E20501C17AEC877008C1E26 /* PEAppDelegate.m */; };
		4E20506F17AEEDC3008C1E26 /* CoreText.framework in Frameworks */ = {isa = PBXBuildFile; fileRef = 4E20506E17AEEDC3008C1E26 /* CoreText.framework */; };
		4E20507117AFEA6A008C1E26 /* QuartzCore.framework in Frameworks */ = {isa = PBXBuildFile; fileRef = 4E20507017AFEA6A008C1E26 /* QuartzCore.framework */; };
		4E26FACE17BC075E00CF2965 /* AudioToolbox.framework in Frameworks */ = {isa = PBXBuildFile; fileRef = 4E26FAC617BC075E00CF2965 /* AudioToolbox.framework */; };
		4E26FACF17BC075E00CF2965 /* CFNetwork.framework in Frameworks */ = {isa = PBXBuildFile; fileRef = 4E26FAC717BC075E00CF2965 /* CFNetwork.framework */; };
		4E26FAD017BC075E00CF2965 /* CoreLocation.framework in Frameworks */ = {isa = PBXBuildFile; fileRef = 4E26FAC817BC075E00CF2965 /* CoreLocation.framework */; };
		4E26FAD117BC075E00CF2965 /* libz.1.1.3.dylib in Frameworks */ = {isa = PBXBuildFile; fileRef = 4E26FAC917BC075E00CF2965 /* libz.1.1.3.dylib */; };
		4E26FAD217BC075E00CF2965 /* MobileCoreServices.framework in Frameworks */ = {isa = PBXBuildFile; fileRef = 4E26FACA17BC075E00CF2965 /* MobileCoreServices.framework */; };
		4E26FAD317BC075E00CF2965 /* Security.framework in Frameworks */ = {isa = PBXBuildFile; fileRef = 4E26FACB17BC075E00CF2965 /* Security.framework */; };
		4E26FAD417BC075E00CF2965 /* StoreKit.framework in Frameworks */ = {isa = PBXBuildFile; fileRef = 4E26FACC17BC075E00CF2965 /* StoreKit.framework */; };
		4E26FAD517BC075E00CF2965 /* SystemConfiguration.framework in Frameworks */ = {isa = PBXBuildFile; fileRef = 4E26FACD17BC075E00CF2965 /* SystemConfiguration.framework */; };
		4E63DE8017BDCF4600D11C4D /* PEExcuseLabel.m in Sources */ = {isa = PBXBuildFile; fileRef = 4E63DE7F17BDCF4600D11C4D /* PEExcuseLabel.m */; };
		4E63DE8517BDD04400D11C4D /* Entypo.ttf in Resources */ = {isa = PBXBuildFile; fileRef = 4E63DE8417BDD04400D11C4D /* Entypo.ttf */; };
		4E8395FC182DB93C0065B570 /* PEMenuViewController.m in Sources */ = {isa = PBXBuildFile; fileRef = 4E8395FB182DB93C0065B570 /* PEMenuViewController.m */; };
		4E839642182DDEE40065B570 /* JosefinSans-Bold.ttf in Resources */ = {isa = PBXBuildFile; fileRef = 4E83963E182DDEE40065B570 /* JosefinSans-Bold.ttf */; };
		4E839643182DDEE40065B570 /* JosefinSans-Light.ttf in Resources */ = {isa = PBXBuildFile; fileRef = 4E83963F182DDEE40065B570 /* JosefinSans-Light.ttf */; };
		4E839644182DDEE40065B570 /* JosefinSans-Regular.ttf in Resources */ = {isa = PBXBuildFile; fileRef = 4E839640182DDEE40065B570 /* JosefinSans-Regular.ttf */; };
		4E839645182DDEE40065B570 /* JosefinSans-SemiBold.ttf in Resources */ = {isa = PBXBuildFile; fileRef = 4E839641182DDEE40065B570 /* JosefinSans-SemiBold.ttf */; };
		4E839649182DE1CA0065B570 /* PEExcuseViewController.m in Sources */ = {isa = PBXBuildFile; fileRef = 4E839648182DE1CA0065B570 /* PEExcuseViewController.m */; };
		4E83964B182DF46B0065B570 /* LocalExcuses.plist in Resources */ = {isa = PBXBuildFile; fileRef = 4E83964A182DF46B0065B570 /* LocalExcuses.plist */; };
		4EA28F7217BDCBB000F30DBA /* Parse.framework in Frameworks */ = {isa = PBXBuildFile; fileRef = 4EA28F7117BDCBB000F30DBA /* Parse.framework */; };
		4EC15A7717E1633D0072BC75 /* Images.xcassets in Resources */ = {isa = PBXBuildFile; fileRef = 4EC15A7617E1633D0072BC75 /* Images.xcassets */; };
/* End PBXBuildFile section */

/* Begin PBXFileReference section */
		4E20500917AEC877008C1E26 /* Procuses.app */ = {isa = PBXFileReference; explicitFileType = wrapper.application; includeInIndex = 0; path = Procuses.app; sourceTree = BUILT_PRODUCTS_DIR; };
		4E20500C17AEC877008C1E26 /* UIKit.framework */ = {isa = PBXFileReference; lastKnownFileType = wrapper.framework; name = UIKit.framework; path = System/Library/Frameworks/UIKit.framework; sourceTree = SDKROOT; };
		4E20500E17AEC877008C1E26 /* Foundation.framework */ = {isa = PBXFileReference; lastKnownFileType = wrapper.framework; name = Foundation.framework; path = System/Library/Frameworks/Foundation.framework; sourceTree = SDKROOT; };
		4E20501017AEC877008C1E26 /* CoreGraphics.framework */ = {isa = PBXFileReference; lastKnownFileType = wrapper.framework; name = CoreGraphics.framework; path = System/Library/Frameworks/CoreGraphics.framework; sourceTree = SDKROOT; };
		4E20501417AEC877008C1E26 /* Procuses-Info.plist */ = {isa = PBXFileReference; lastKnownFileType = text.plist.xml; path = "Procuses-Info.plist"; sourceTree = "<group>"; };
		4E20501617AEC877008C1E26 /* en */ = {isa = PBXFileReference; lastKnownFileType = text.plist.strings; name = en; path = en.lproj/InfoPlist.strings; sourceTree = "<group>"; };
		4E20501817AEC877008C1E26 /* main.m */ = {isa = PBXFileReference; lastKnownFileType = sourcecode.c.objc; path = main.m; sourceTree = "<group>"; };
		4E20501A17AEC877008C1E26 /* Procuses-Prefix.pch */ = {isa = PBXFileReference; lastKnownFileType = sourcecode.c.h; path = "Procuses-Prefix.pch"; sourceTree = "<group>"; };
		4E20501B17AEC877008C1E26 /* PEAppDelegate.h */ = {isa = PBXFileReference; lastKnownFileType = sourcecode.c.h; path = PEAppDelegate.h; sourceTree = "<group>"; };
		4E20501C17AEC877008C1E26 /* PEAppDelegate.m */ = {isa = PBXFileReference; lastKnownFileType = sourcecode.c.objc; path = PEAppDelegate.m; sourceTree = "<group>"; };
		4E20506E17AEEDC3008C1E26 /* CoreText.framework */ = {isa = PBXFileReference; lastKnownFileType = wrapper.framework; name = CoreText.framework; path = System/Library/Frameworks/CoreText.framework; sourceTree = SDKROOT; };
		4E20507017AFEA6A008C1E26 /* QuartzCore.framework */ = {isa = PBXFileReference; lastKnownFileType = wrapper.framework; name = QuartzCore.framework; path = System/Library/Frameworks/QuartzCore.framework; sourceTree = SDKROOT; };
		4E26FAC617BC075E00CF2965 /* AudioToolbox.framework */ = {isa = PBXFileReference; lastKnownFileType = wrapper.framework; name = AudioToolbox.framework; path = System/Library/Frameworks/AudioToolbox.framework; sourceTree = SDKROOT; };
		4E26FAC717BC075E00CF2965 /* CFNetwork.framework */ = {isa = PBXFileReference; lastKnownFileType = wrapper.framework; name = CFNetwork.framework; path = System/Library/Frameworks/CFNetwork.framework; sourceTree = SDKROOT; };
		4E26FAC817BC075E00CF2965 /* CoreLocation.framework */ = {isa = PBXFileReference; lastKnownFileType = wrapper.framework; name = CoreLocation.framework; path = System/Library/Frameworks/CoreLocation.framework; sourceTree = SDKROOT; };
		4E26FAC917BC075E00CF2965 /* libz.1.1.3.dylib */ = {isa = PBXFileReference; lastKnownFileType = "compiled.mach-o.dylib"; name = libz.1.1.3.dylib; path = usr/lib/libz.1.1.3.dylib; sourceTree = SDKROOT; };
		4E26FACA17BC075E00CF2965 /* MobileCoreServices.framework */ = {isa = PBXFileReference; lastKnownFileType = wrapper.framework; name = MobileCoreServices.framework; path = System/Library/Frameworks/MobileCoreServices.framework; sourceTree = SDKROOT; };
		4E26FACB17BC075E00CF2965 /* Security.framework */ = {isa = PBXFileReference; lastKnownFileType = wrapper.framework; name = Security.framework; path = System/Library/Frameworks/Security.framework; sourceTree = SDKROOT; };
		4E26FACC17BC075E00CF2965 /* StoreKit.framework */ = {isa = PBXFileReference; lastKnownFileType = wrapper.framework; name = StoreKit.framework; path = System/Library/Frameworks/StoreKit.framework; sourceTree = SDKROOT; };
		4E26FACD17BC075E00CF2965 /* SystemConfiguration.framework */ = {isa = PBXFileReference; lastKnownFileType = wrapper.framework; name = SystemConfiguration.framework; path = System/Library/Frameworks/SystemConfiguration.framework; sourceTree = SDKROOT; };
		4E63DE7E17BDCF4600D11C4D /* PEExcuseLabel.h */ = {isa = PBXFileReference; fileEncoding = 4; lastKnownFileType = sourcecode.c.h; path = PEExcuseLabel.h; sourceTree = "<group>"; };
		4E63DE7F17BDCF4600D11C4D /* PEExcuseLabel.m */ = {isa = PBXFileReference; fileEncoding = 4; lastKnownFileType = sourcecode.c.objc; path = PEExcuseLabel.m; sourceTree = "<group>"; };
		4E63DE8417BDD04400D11C4D /* Entypo.ttf */ = {isa = PBXFileReference; lastKnownFileType = file; name = Entypo.ttf; path = ../Entypo.ttf; sourceTree = "<group>"; };
		4E8395FA182DB93C0065B570 /* PEMenuViewController.h */ = {isa = PBXFileReference; fileEncoding = 4; lastKnownFileType = sourcecode.c.h; path = PEMenuViewController.h; sourceTree = "<group>"; };
		4E8395FB182DB93C0065B570 /* PEMenuViewController.m */ = {isa = PBXFileReference; fileEncoding = 4; lastKnownFileType = sourcecode.c.objc; path = PEMenuViewController.m; sourceTree = "<group>"; };
		4E83963E182DDEE40065B570 /* JosefinSans-Bold.ttf */ = {isa = PBXFileReference; lastKnownFileType = file; path = "JosefinSans-Bold.ttf"; sourceTree = "<group>"; };
		4E83963F182DDEE40065B570 /* JosefinSans-Light.ttf */ = {isa = PBXFileReference; lastKnownFileType = file; path = "JosefinSans-Light.ttf"; sourceTree = "<group>"; };
		4E839640182DDEE40065B570 /* JosefinSans-Regular.ttf */ = {isa = PBXFileReference; lastKnownFileType = file; path = "JosefinSans-Regular.ttf"; sourceTree = "<group>"; };
		4E839641182DDEE40065B570 /* JosefinSans-SemiBold.ttf */ = {isa = PBXFileReference; lastKnownFileType = file; path = "JosefinSans-SemiBold.ttf"; sourceTree = "<group>"; };
		4E839647182DE1CA0065B570 /* PEExcuseViewController.h */ = {isa = PBXFileReference; fileEncoding = 4; lastKnownFileType = sourcecode.c.h; path = PEExcuseViewController.h; sourceTree = "<group>"; };
		4E839648182DE1CA0065B570 /* PEExcuseViewController.m */ = {isa = PBXFileReference; fileEncoding = 4; lastKnownFileType = sourcecode.c.objc; path = PEExcuseViewController.m; sourceTree = "<group>"; };
		4E83964A182DF46B0065B570 /* LocalExcuses.plist */ = {isa = PBXFileReference; fileEncoding = 4; lastKnownFileType = text.plist.xml; path = LocalExcuses.plist; sourceTree = "<group>"; };
		4EA28F7117BDCBB000F30DBA /* Parse.framework */ = {isa = PBXFileReference; lastKnownFileType = wrapper.framework; path = Parse.framework; sourceTree = "<group>"; };
		4EC15A7617E1633D0072BC75 /* Images.xcassets */ = {isa = PBXFileReference; lastKnownFileType = folder.assetcatalog; path = Images.xcassets; sourceTree = "<group>"; };
/* End PBXFileReference section */

/* Begin PBXFrameworksBuildPhase section */
		4E20500617AEC877008C1E26 /* Frameworks */ = {
			isa = PBXFrameworksBuildPhase;
			buildActionMask = 2147483647;
			files = (
				4E26FACE17BC075E00CF2965 /* AudioToolbox.framework in Frameworks */,
				4E26FACF17BC075E00CF2965 /* CFNetwork.framework in Frameworks */,
				4E26FAD017BC075E00CF2965 /* CoreLocation.framework in Frameworks */,
				4E26FAD117BC075E00CF2965 /* libz.1.1.3.dylib in Frameworks */,
				4E26FAD217BC075E00CF2965 /* MobileCoreServices.framework in Frameworks */,
				4E26FAD317BC075E00CF2965 /* Security.framework in Frameworks */,
				4E26FAD417BC075E00CF2965 /* StoreKit.framework in Frameworks */,
				4E26FAD517BC075E00CF2965 /* SystemConfiguration.framework in Frameworks */,
				4E20501117AEC877008C1E26 /* CoreGraphics.framework in Frameworks */,
				4E20507117AFEA6A008C1E26 /* QuartzCore.framework in Frameworks */,
				4EA28F7217BDCBB000F30DBA /* Parse.framework in Frameworks */,
				4E20506F17AEEDC3008C1E26 /* CoreText.framework in Frameworks */,
				4E20500D17AEC877008C1E26 /* UIKit.framework in Frameworks */,
				4E20500F17AEC877008C1E26 /* Foundation.framework in Frameworks */,
			);
			runOnlyForDeploymentPostprocessing = 0;
		};
/* End PBXFrameworksBuildPhase section */

/* Begin PBXGroup section */
		4E20500017AEC877008C1E26 = {
			isa = PBXGroup;
			children = (
				4E20501217AEC877008C1E26 /* Procuses */,
				4EC15A7617E1633D0072BC75 /* Images.xcassets */,
				4E20500B17AEC877008C1E26 /* Frameworks */,
				4E20500A17AEC877008C1E26 /* Products */,
			);
			sourceTree = "<group>";
		};
		4E20500A17AEC877008C1E26 /* Products */ = {
			isa = PBXGroup;
			children = (
				4E20500917AEC877008C1E26 /* Procuses.app */,
			);
			name = Products;
			sourceTree = "<group>";
		};
		4E20500B17AEC877008C1E26 /* Frameworks */ = {
			isa = PBXGroup;
			children = (
				4EA28F7117BDCBB000F30DBA /* Parse.framework */,
				4E26FAC617BC075E00CF2965 /* AudioToolbox.framework */,
				4E26FAC717BC075E00CF2965 /* CFNetwork.framework */,
				4E26FAC817BC075E00CF2965 /* CoreLocation.framework */,
				4E26FAC917BC075E00CF2965 /* libz.1.1.3.dylib */,
				4E26FACA17BC075E00CF2965 /* MobileCoreServices.framework */,
				4E26FACB17BC075E00CF2965 /* Security.framework */,
				4E26FACC17BC075E00CF2965 /* StoreKit.framework */,
				4E26FACD17BC075E00CF2965 /* SystemConfiguration.framework */,
				4E20507017AFEA6A008C1E26 /* QuartzCore.framework */,
				4E20506E17AEEDC3008C1E26 /* CoreText.framework */,
				4E20500C17AEC877008C1E26 /* UIKit.framework */,
				4E20500E17AEC877008C1E26 /* Foundation.framework */,
				4E20501017AEC877008C1E26 /* CoreGraphics.framework */,
			);
			name = Frameworks;
			sourceTree = "<group>";
		};
		4E20501217AEC877008C1E26 /* Procuses */ = {
			isa = PBXGroup;
			children = (
				4E20501B17AEC877008C1E26 /* PEAppDelegate.h */,
				4E20501C17AEC877008C1E26 /* PEAppDelegate.m */,
				4E8395FA182DB93C0065B570 /* PEMenuViewController.h */,
				4E8395FB182DB93C0065B570 /* PEMenuViewController.m */,
				4E839647182DE1CA0065B570 /* PEExcuseViewController.h */,
				4E839648182DE1CA0065B570 /* PEExcuseViewController.m */,
				4E63DE7E17BDCF4600D11C4D /* PEExcuseLabel.h */,
				4E63DE7F17BDCF4600D11C4D /* PEExcuseLabel.m */,
				4E20501317AEC877008C1E26 /* Supporting Files */,
			);
			path = Procuses;
			sourceTree = "<group>";
		};
		4E20501317AEC877008C1E26 /* Supporting Files */ = {
			isa = PBXGroup;
			children = (
				4E839646182DDEEB0065B570 /* Fonts */,
				4E20501417AEC877008C1E26 /* Procuses-Info.plist */,
				4E83964A182DF46B0065B570 /* LocalExcuses.plist */,
				4E20501517AEC877008C1E26 /* InfoPlist.strings */,
				4E20501817AEC877008C1E26 /* main.m */,
				4E20501A17AEC877008C1E26 /* Procuses-Prefix.pch */,
			);
			name = "Supporting Files";
			sourceTree = "<group>";
		};
		4E839646182DDEEB0065B570 /* Fonts */ = {
			isa = PBXGroup;
			children = (
				4E83963E182DDEE40065B570 /* JosefinSans-Bold.ttf */,
				4E83963F182DDEE40065B570 /* JosefinSans-Light.ttf */,
				4E839640182DDEE40065B570 /* JosefinSans-Regular.ttf */,
				4E839641182DDEE40065B570 /* JosefinSans-SemiBold.ttf */,
				4E63DE8417BDD04400D11C4D /* Entypo.ttf */,
			);
			name = Fonts;
			sourceTree = "<group>";
		};
/* End PBXGroup section */

/* Begin PBXNativeTarget section */
		4E20500817AEC877008C1E26 /* Procuses */ = {
			isa = PBXNativeTarget;
			buildConfigurationList = 4E20502617AEC877008C1E26 /* Build configuration list for PBXNativeTarget "Procuses" */;
			buildPhases = (
				4E20500517AEC877008C1E26 /* Sources */,
				4E20500617AEC877008C1E26 /* Frameworks */,
				4E20500717AEC877008C1E26 /* Resources */,
			);
			buildRules = (
			);
			dependencies = (
			);
			name = Procuses;
			productName = Procuses;
			productReference = 4E20500917AEC877008C1E26 /* Procuses.app */;
			productType = "com.apple.product-type.application";
		};
/* End PBXNativeTarget section */

/* Begin PBXProject section */
		4E20500117AEC877008C1E26 /* Project object */ = {
			isa = PBXProject;
			attributes = {
				CLASSPREFIX = PE;
				LastUpgradeCheck = 0460;
				ORGANIZATIONNAME = "Tosin Afolabi";
			};
			buildConfigurationList = 4E20500417AEC877008C1E26 /* Build configuration list for PBXProject "Procuses" */;
			compatibilityVersion = "Xcode 3.2";
			developmentRegion = English;
			hasScannedForEncodings = 0;
			knownRegions = (
				en,
			);
			mainGroup = 4E20500017AEC877008C1E26;
			productRefGroup = 4E20500A17AEC877008C1E26 /* Products */;
			projectDirPath = "";
			projectRoot = "";
			targets = (
				4E20500817AEC877008C1E26 /* Procuses */,
			);
		};
/* End PBXProject section */

/* Begin PBXResourcesBuildPhase section */
		4E20500717AEC877008C1E26 /* Resources */ = {
			isa = PBXResourcesBuildPhase;
			buildActionMask = 2147483647;
			files = (
				4E83964B182DF46B0065B570 /* LocalExcuses.plist in Resources */,
				4E63DE8517BDD04400D11C4D /* Entypo.ttf in Resources */,
				4E20501717AEC877008C1E26 /* InfoPlist.strings in Resources */,
				4E839643182DDEE40065B570 /* JosefinSans-Light.ttf in Resources */,
				4E839644182DDEE40065B570 /* JosefinSans-Regular.ttf in Resources */,
				4E839642182DDEE40065B570 /* JosefinSans-Bold.ttf in Resources */,
				4EC15A7717E1633D0072BC75 /* Images.xcassets in Resources */,
				4E839645182DDEE40065B570 /* JosefinSans-SemiBold.ttf in Resources */,
			);
			runOnlyForDeploymentPostprocessing = 0;
		};
/* End PBXResourcesBuildPhase section */

/* Begin PBXSourcesBuildPhase section */
		4E20500517AEC877008C1E26 /* Sources */ = {
			isa = PBXSourcesBuildPhase;
			buildActionMask = 2147483647;
			files = (
				4E20501917AEC877008C1E26 /* main.m in Sources */,
				4E20501D17AEC877008C1E26 /* PEAppDelegate.m in Sources */,
				4E63DE8017BDCF4600D11C4D /* PEExcuseLabel.m in Sources */,
				4E8395FC182DB93C0065B570 /* PEMenuViewController.m in Sources */,
				4E839649182DE1CA0065B570 /* PEExcuseViewController.m in Sources */,
			);
			runOnlyForDeploymentPostprocessing = 0;
		};
/* End PBXSourcesBuildPhase section */

/* Begin PBXVariantGroup section */
		4E20501517AEC877008C1E26 /* InfoPlist.strings */ = {
			isa = PBXVariantGroup;
			children = (
				4E20501617AEC877008C1E26 /* en */,
			);
			name = InfoPlist.strings;
			sourceTree = "<group>";
		};
/* End PBXVariantGroup section */

/* Begin XCBuildConfiguration section */
		4E20502417AEC877008C1E26 /* Debug */ = {
			isa = XCBuildConfiguration;
			buildSettings = {
				ALWAYS_SEARCH_USER_PATHS = NO;
				CLANG_CXX_LANGUAGE_STANDARD = "gnu++0x";
				CLANG_CXX_LIBRARY = "libc++";
				CLANG_ENABLE_OBJC_ARC = YES;
				CLANG_WARN_CONSTANT_CONVERSION = YES;
				CLANG_WARN_EMPTY_BODY = YES;
				CLANG_WARN_ENUM_CONVERSION = YES;
				CLANG_WARN_INT_CONVERSION = YES;
				CLANG_WARN__DUPLICATE_METHOD_MATCH = YES;
				"CODE_SIGN_IDENTITY[sdk=iphoneos*]" = "iPhone Developer";
				COPY_PHASE_STRIP = NO;
				GCC_C_LANGUAGE_STANDARD = gnu99;
				GCC_DYNAMIC_NO_PIC = NO;
				GCC_OPTIMIZATION_LEVEL = 0;
				GCC_PREPROCESSOR_DEFINITIONS = (
					"DEBUG=1",
					"$(inherited)",
				);
				GCC_SYMBOLS_PRIVATE_EXTERN = NO;
				GCC_WARN_ABOUT_RETURN_TYPE = YES;
				GCC_WARN_UNINITIALIZED_AUTOS = YES;
				GCC_WARN_UNUSED_VARIABLE = YES;
				IPHONEOS_DEPLOYMENT_TARGET = 6.1;
				ONLY_ACTIVE_ARCH = YES;
				SDKROOT = iphoneos;
			};
			name = Debug;
		};
		4E20502517AEC877008C1E26 /* Release */ = {
			isa = XCBuildConfiguration;
			buildSettings = {
				ALWAYS_SEARCH_USER_PATHS = NO;
				CLANG_CXX_LANGUAGE_STANDARD = "gnu++0x";
				CLANG_CXX_LIBRARY = "libc++";
				CLANG_ENABLE_OBJC_ARC = YES;
				CLANG_WARN_CONSTANT_CONVERSION = YES;
				CLANG_WARN_EMPTY_BODY = YES;
				CLANG_WARN_ENUM_CONVERSION = YES;
				CLANG_WARN_INT_CONVERSION = YES;
				CLANG_WARN__DUPLICATE_METHOD_MATCH = YES;
				"CODE_SIGN_IDENTITY[sdk=iphoneos*]" = "iPhone Developer";
				COPY_PHASE_STRIP = YES;
				GCC_C_LANGUAGE_STANDARD = gnu99;
				GCC_WARN_ABOUT_RETURN_TYPE = YES;
				GCC_WARN_UNINITIALIZED_AUTOS = YES;
				GCC_WARN_UNUSED_VARIABLE = YES;
				IPHONEOS_DEPLOYMENT_TARGET = 6.1;
				OTHER_CFLAGS = "-DNS_BLOCK_ASSERTIONS=1";
				SDKROOT = iphoneos;
				VALIDATE_PRODUCT = YES;
			};
			name = Release;
		};
		4E20502717AEC877008C1E26 /* Debug */ = {
			isa = XCBuildConfiguration;
			buildSettings = {
				ASSETCATALOG_COMPILER_APPICON_NAME = AppIcon;
				ASSETCATALOG_COMPILER_LAUNCHIMAGE_NAME = LaunchImage;
				FRAMEWORK_SEARCH_PATHS = (
					"$(inherited)",
					"/Users/tosin/Documents/iOS\\ Dev/Procuses",
					/Users/tosin/Documents/Coding/iOS/Procuses,
				);
				GCC_PRECOMPILE_PREFIX_HEADER = YES;
				GCC_PREFIX_HEADER = "Procuses/Procuses-Prefix.pch";
				INFOPLIST_FILE = "Procuses/Procuses-Info.plist";
				IPHONEOS_DEPLOYMENT_TARGET = 7.0;
				LIBRARY_SEARCH_PATHS = (
					"$(inherited)",
					"\"$(SRCROOT)\"",
				);
				OTHER_LDFLAGS = "";
				PRODUCT_NAME = "$(TARGET_NAME)";
				TARGETED_DEVICE_FAMILY = 1;
				WRAPPER_EXTENSION = app;
			};
			name = Debug;
		};
		4E20502817AEC877008C1E26 /* Release */ = {
			isa = XCBuildConfiguration;
			buildSettings = {
				ASSETCATALOG_COMPILER_APPICON_NAME = AppIcon;
				ASSETCATALOG_COMPILER_LAUNCHIMAGE_NAME = LaunchImage;
				FRAMEWORK_SEARCH_PATHS = (
					"$(inherited)",
					"/Users/tosin/Documents/iOS\\ Dev/Procuses",
					/Users/tosin/Documents/Coding/iOS/Procuses,
				);
				GCC_PRECOMPILE_PREFIX_HEADER = YES;
				GCC_PREFIX_HEADER = "Procuses/Procuses-Prefix.pch";
				INFOPLIST_FILE = "Procuses/Procuses-Info.plist";
				IPHONEOS_DEPLOYMENT_TARGET = 7.0;
				LIBRARY_SEARCH_PATHS = (
					"$(inherited)",
					"\"$(SRCROOT)\"",
				);
				OTHER_LDFLAGS = "";
				PRODUCT_NAME = "$(TARGET_NAME)";
				TARGETED_DEVICE_FAMILY = 1;
				WRAPPER_EXTENSION = app;
			};
			name = Release;
		};
/* End XCBuildConfiguration section */

/* Begin XCConfigurationList section */
		4E20500417AEC877008C1E26 /* Build configuration list for PBXProject "Procuses" */ = {
			isa = XCConfigurationList;
			buildConfigurations = (
				4E20502417AEC877008C1E26 /* Debug */,
				4E20502517AEC877008C1E26 /* Release */,
			);
			defaultConfigurationIsVisible = 0;
			defaultConfigurationName = Release;
		};
		4E20502617AEC877008C1E26 /* Build configuration list for PBXNativeTarget "Procuses" */ = {
			isa = XCConfigurationList;
			buildConfigurations = (
				4E20502717AEC877008C1E26 /* Debug */,
				4E20502817AEC877008C1E26 /* Release */,
			);
			defaultConfigurationIsVisible = 0;
			defaultConfigurationName = Release;
		};
/* End XCConfigurationList section */
	};
	rootObject = 4E20500117AEC877008C1E26 /* Project object */;
}
